
Microsoft Visual Studio Solution File, Format Version 12.00
# Visual Studio Version 17
VisualStudioVersion = 17.11.35312.102
MinimumVisualStudioVersion = 10.0.40219.1
Project("{9A19103F-16F7-4668-BE54-9A1E7A4F7556}") = "RegressionRazor", "RegressionRazor\RegressionRazor.csproj", "{678EB0CE-0604-4E1A-A89E-12769551CBFA}"
EndProject
Global
	GlobalSection(SolutionConfigurationPlatforms) = preSolution
		Debug|Any CPU = Debug|Any CPU
		Release|Any CPU = Release|Any CPU
	EndGlobalSection
	GlobalSection(ProjectConfigurationPlatforms) = postSolution
		{678EB0CE-0604-4E1A-A89E-12769551CBFA}.Debug|Any CPU.ActiveCfg = Debug|Any CPU
		{678EB0CE-0604-4E1A-A89E-12769551CBFA}.Debug|Any CPU.Build.0 = Debug|Any CPU
		{678EB0CE-0604-4E1A-A89E-12769551CBFA}.Release|Any CPU.ActiveCfg = Release|Any CPU
		{678EB0CE-0604-4E1A-A89E-12769551CBFA}.Release|Any CPU.Build.0 = Release|Any CPU
	EndGlobalSection
	GlobalSection(SolutionProperties) = preSolution
		HideSolutionNode = FALSE
	EndGlobalSection
	GlobalSection(ExtensibilityGlobals) = postSolution
		SolutionGuid = {55447628-F927-4D1D-9B78-B79FB13F7FFC}
	EndGlobalSection
EndGlobal
